PODS:
  - SnapKit (4.0.0)
  - VCBoss (0.1.0)

DEPENDENCIES:
  - SnapKit (~> 4.0.0)
  - VCBoss (from `../`)

SPEC REPOS:
  https://github.com/cocoapods/specs.git:
    - SnapKit

EXTERNAL SOURCES:
  VCBoss:
    :path: "../"

SPEC CHECKSUMS:
  SnapKit: a42d492c16e80209130a3379f73596c3454b7694
  VCBoss: 4257ba026c376ae0e0c0fdef86216e460e028937

PODFILE CHECKSUM: 53c003623e06337e41fb30bc27406df23df5521f

COCOAPODS: 1.5.3
