PODS:
  - SnapKit (4.0.1)
  - VCBoss (0.1.0)

DEPENDENCIES:
  - SnapKit (~> 4.0.1)
  - VCBoss (from `../`)

SPEC REPOS:
  https://github.com/cocoapods/specs.git:
    - SnapKit

EXTERNAL SOURCES:
  VCBoss:
    :path: "../"

SPEC CHECKSUMS:
  SnapKit: 0de968a9fec17499afa29683b05d0c775b6d1c29
  VCBoss: 4257ba026c376ae0e0c0fdef86216e460e028937

PODFILE CHECKSUM: 14218e4ccc11f679b0a3bdd20fe376abe9b26ada

COCOAPODS: 1.5.3
